
Microsoft Visual Studio Solution File, Format Version 12.00
# Visual Studio Version 16
VisualStudioVersion = 16.0.29123.88
MinimumVisualStudioVersion = 10.0.40219.1
Project("{FAE04EC0-301F-11D3-BF4B-00C04F79EFBC}") = "PersonalInformationFinder", "PersonalInformationFinder\PersonalInformationFinder.csproj", "{7E6C2A1C-34D3-4A50-BCA6-9BFD2167A8AE}"
EndProject
Global
	GlobalSection(SolutionConfigurationPlatforms) = preSolution
		Debug|Any CPU = Debug|Any CPU
		Release|Any CPU = Release|Any CPU
	EndGlobalSection
	GlobalSection(ProjectConfigurationPlatforms) = postSolution
		{7E6C2A1C-34D3-4A50-BCA6-9BFD2167A8AE}.Debug|Any CPU.ActiveCfg = Debug|Any CPU
		{7E6C2A1C-34D3-4A50-BCA6-9BFD2167A8AE}.Debug|Any CPU.Build.0 = Debug|Any CPU
		{7E6C2A1C-34D3-4A50-BCA6-9BFD2167A8AE}.Release|Any CPU.ActiveCfg = Release|Any CPU
		{7E6C2A1C-34D3-4A50-BCA6-9BFD2167A8AE}.Release|Any CPU.Build.0 = Release|Any CPU
	EndGlobalSection
	GlobalSection(SolutionProperties) = preSolution
		HideSolutionNode = FALSE
	EndGlobalSection
	GlobalSection(ExtensibilityGlobals) = postSolution
		SolutionGuid = {25B698E2-783C-4611-8956-6C796ECBB922}
	EndGlobalSection
EndGlobal
